
Microsoft Visual Studio Solution File, Format Version 12.00
# Visual Studio Version 17
VisualStudioVersion = 17.13.35919.96
MinimumVisualStudioVersion = 10.0.40219.1
Project("{FAE04EC0-301F-11D3-BF4B-00C04F79EFBC}") = "MyPortfolioApp", "MyPortfolioApp\MyPortfolioApp.csproj", "{6723716A-D4F0-48B9-984D-EB28A26A43FA}"
EndProject
Global
	GlobalSection(SolutionConfigurationPlatforms) = preSolution
		Debug|Any CPU = Debug|Any CPU
		Release|Any CPU = Release|Any CPU
	EndGlobalSection
	GlobalSection(ProjectConfigurationPlatforms) = postSolution
		{6723716A-D4F0-48B9-984D-EB28A26A43FA}.Debug|Any CPU.ActiveCfg = Debug|Any CPU
		{6723716A-D4F0-48B9-984D-EB28A26A43FA}.Debug|Any CPU.Build.0 = Debug|Any CPU
		{6723716A-D4F0-48B9-984D-EB28A26A43FA}.Debug|Any CPU.Deploy.0 = Debug|Any CPU
		{6723716A-D4F0-48B9-984D-EB28A26A43FA}.Release|Any CPU.ActiveCfg = Release|Any CPU
		{6723716A-D4F0-48B9-984D-EB28A26A43FA}.Release|Any CPU.Build.0 = Release|Any CPU
	EndGlobalSection
	GlobalSection(SolutionProperties) = preSolution
		HideSolutionNode = FALSE
	EndGlobalSection
	GlobalSection(ExtensibilityGlobals) = postSolution
		SolutionGuid = {F2C10CB5-0E8D-4C2B-84B5-60B31631815E}
	EndGlobalSection
EndGlobal
